
Microsoft Visual Studio Solution File, Format Version 12.00
# Visual Studio Version 17
VisualStudioVersion = 17.0.31903.59
MinimumVisualStudioVersion = 10.0.40219.1
Project("{FAE04EC0-301F-11D3-BF4B-00C04F79EFBC}") = "Ex01VariablesAndOperators", "Ex01VariablesAndOperators\Ex01VariablesAndOperators.csproj", "{E191BFAF-0A59-40E0-8167-38906D17811E}"
EndProject
Project("{FAE04EC0-301F-11D3-BF4B-00C04F79EFBC}") = "Ex03IfElseConditionalStatement", "Ex03IfElseConditionalStatement\Ex03IfElseConditionalStatement.csproj", "{5ACBB9EC-387D-4C91-92E7-48372E5302BC}"
EndProject
Project("{FAE04EC0-301F-11D3-BF4B-00C04F79EFBC}") = "Ex02BooleanTypeAndOperators", "Ex02BooleanTypeAndOperators\Ex02BooleanTypeAndOperators.csproj", "{69F14854-5880-4029-9573-C9FA8DFAF431}"
EndProject
Project("{FAE04EC0-301F-11D3-BF4B-00C04F79EFBC}") = "Ex15HotelBookingClass", "Ex15HotelBookingClass\Ex15HotelBookingClass.csproj", "{9FA393D8-A49F-4599-87D5-8AEF4A91F850}"
EndProject
Project("{FAE04EC0-301F-11D3-BF4B-00C04F79EFBC}") = "Ex04AbsoluteOfSum", "Ex04AbsoluteOfSum\Ex04AbsoluteOfSum.csproj", "{D84F763B-2A61-4B00-83B0-9B8EC6C7406F}"
EndProject
Project("{FAE04EC0-301F-11D3-BF4B-00C04F79EFBC}") = "Ex05StringInterpolation", "Ex05StringInterpolation\Ex05StringInterpolation.csproj", "{3283B845-713D-42ED-BB0A-36633B06F48F}"
EndProject
Project("{FAE04EC0-301F-11D3-BF4B-00C04F79EFBC}") = "Ex06SwitchStatement", "Ex06SwitchStatement\Ex06SwitchStatement.csproj", "{29CFD2EE-E759-4118-A0B7-17E72C79B247}"
EndProject
Project("{FAE04EC0-301F-11D3-BF4B-00C04F79EFBC}") = "Ex07WhileLoop", "Ex07WhileLoop\Ex07WhileLoop.csproj", "{13CA1152-9D14-4F4D-A667-9085906C6873}"
EndProject
Project("{FAE04EC0-301F-11D3-BF4B-00C04F79EFBC}") = "Ex08DoWhileLoop", "Ex08DoWhileLoop\Ex08DoWhileLoop.csproj", "{B32C7CF7-E1E8-4F85-93D3-3A57283E05D1}"
EndProject
Project("{FAE04EC0-301F-11D3-BF4B-00C04F79EFBC}") = "Ex09ForLoop", "Ex09ForLoop\Ex09ForLoop.csproj", "{C537AE60-7D6F-4F71-9C15-6FABDB27CA98}"
EndProject
Project("{FAE04EC0-301F-11D3-BF4B-00C04F79EFBC}") = "Ex10Arrays01", "Ex10Arrays01\Ex10Arrays01.csproj", "{A96A4869-0048-41FF-913C-2E344EB75DB9}"
EndProject
Project("{FAE04EC0-301F-11D3-BF4B-00C04F79EFBC}") = "Ex11Arrays02", "Ex11Arrays02\Ex11Arrays02.csproj", "{7AB70F17-2B66-4730-97B9-9A397FCD67BA}"
EndProject
Project("{FAE04EC0-301F-11D3-BF4B-00C04F79EFBC}") = "Ex12MultiDimensionalArrays", "Ex12MultiDimensionalArrays\Ex12MultiDimensionalArrays.csproj", "{44D0F74B-1A8A-4607-B1D6-A347884D47A4}"
EndProject
Project("{FAE04EC0-301F-11D3-BF4B-00C04F79EFBC}") = "Ex13ForeachLoop", "Ex13ForeachLoop\Ex13ForeachLoop.csproj", "{95B4BA3F-CA3C-487E-BC20-C7C00C3C054A}"
EndProject
Project("{FAE04EC0-301F-11D3-BF4B-00C04F79EFBC}") = "Ex14List", "Ex14List\Ex14List.csproj", "{7972E024-015E-4C04-B201-F1E1E1641D3F}"
EndProject
Project("{FAE04EC0-301F-11D3-BF4B-00C04F79EFBC}") = "Ex16TheTriangleClass", "Ex16TheTriangleClass\Ex16TheTriangleClass.csproj", "{33E9EE4D-260D-44B4-927F-BD103ECD7950}"
EndProject
Global
	GlobalSection(SolutionConfigurationPlatforms) = preSolution
		Debug|Any CPU = Debug|Any CPU
		Release|Any CPU = Release|Any CPU
	EndGlobalSection
	GlobalSection(SolutionProperties) = preSolution
		HideSolutionNode = FALSE
	EndGlobalSection
	GlobalSection(ProjectConfigurationPlatforms) = postSolution
		{93D4957D-B44A-43EF-96BA-72CB5D7A2AD3}.Debug|Any CPU.ActiveCfg = Debug|Any CPU
		{93D4957D-B44A-43EF-96BA-72CB5D7A2AD3}.Debug|Any CPU.Build.0 = Debug|Any CPU
		{93D4957D-B44A-43EF-96BA-72CB5D7A2AD3}.Release|Any CPU.ActiveCfg = Release|Any CPU
		{93D4957D-B44A-43EF-96BA-72CB5D7A2AD3}.Release|Any CPU.Build.0 = Release|Any CPU
		{DA83EAF7-20F6-4E69-99C2-C458F7BC7421}.Debug|Any CPU.ActiveCfg = Debug|Any CPU
		{DA83EAF7-20F6-4E69-99C2-C458F7BC7421}.Debug|Any CPU.Build.0 = Debug|Any CPU
		{DA83EAF7-20F6-4E69-99C2-C458F7BC7421}.Release|Any CPU.ActiveCfg = Release|Any CPU
		{DA83EAF7-20F6-4E69-99C2-C458F7BC7421}.Release|Any CPU.Build.0 = Release|Any CPU
		{92F6C27E-7D7E-4CFB-BD7C-63DB4C9F71FB}.Debug|Any CPU.ActiveCfg = Debug|Any CPU
		{92F6C27E-7D7E-4CFB-BD7C-63DB4C9F71FB}.Debug|Any CPU.Build.0 = Debug|Any CPU
		{92F6C27E-7D7E-4CFB-BD7C-63DB4C9F71FB}.Release|Any CPU.ActiveCfg = Release|Any CPU
		{92F6C27E-7D7E-4CFB-BD7C-63DB4C9F71FB}.Release|Any CPU.Build.0 = Release|Any CPU
		{BFBBDC2F-3461-453C-A1A3-E03E1E888891}.Debug|Any CPU.ActiveCfg = Debug|Any CPU
		{BFBBDC2F-3461-453C-A1A3-E03E1E888891}.Debug|Any CPU.Build.0 = Debug|Any CPU
		{BFBBDC2F-3461-453C-A1A3-E03E1E888891}.Release|Any CPU.ActiveCfg = Release|Any CPU
		{BFBBDC2F-3461-453C-A1A3-E03E1E888891}.Release|Any CPU.Build.0 = Release|Any CPU
		{D7E14A2D-4F60-489F-8A1C-B3308B55F415}.Debug|Any CPU.ActiveCfg = Debug|Any CPU
		{D7E14A2D-4F60-489F-8A1C-B3308B55F415}.Debug|Any CPU.Build.0 = Debug|Any CPU
		{D7E14A2D-4F60-489F-8A1C-B3308B55F415}.Release|Any CPU.ActiveCfg = Release|Any CPU
		{D7E14A2D-4F60-489F-8A1C-B3308B55F415}.Release|Any CPU.Build.0 = Release|Any CPU
		{9CF743A4-4274-4923-BED6-CA6F4C516D51}.Debug|Any CPU.ActiveCfg = Debug|Any CPU
		{9CF743A4-4274-4923-BED6-CA6F4C516D51}.Debug|Any CPU.Build.0 = Debug|Any CPU
		{9CF743A4-4274-4923-BED6-CA6F4C516D51}.Release|Any CPU.ActiveCfg = Release|Any CPU
		{9CF743A4-4274-4923-BED6-CA6F4C516D51}.Release|Any CPU.Build.0 = Release|Any CPU
		{E191BFAF-0A59-40E0-8167-38906D17811E}.Debug|Any CPU.ActiveCfg = Debug|Any CPU
		{E191BFAF-0A59-40E0-8167-38906D17811E}.Debug|Any CPU.Build.0 = Debug|Any CPU
		{E191BFAF-0A59-40E0-8167-38906D17811E}.Release|Any CPU.ActiveCfg = Release|Any CPU
		{E191BFAF-0A59-40E0-8167-38906D17811E}.Release|Any CPU.Build.0 = Release|Any CPU
		{5ACBB9EC-387D-4C91-92E7-48372E5302BC}.Debug|Any CPU.ActiveCfg = Debug|Any CPU
		{5ACBB9EC-387D-4C91-92E7-48372E5302BC}.Debug|Any CPU.Build.0 = Debug|Any CPU
		{5ACBB9EC-387D-4C91-92E7-48372E5302BC}.Release|Any CPU.ActiveCfg = Release|Any CPU
		{5ACBB9EC-387D-4C91-92E7-48372E5302BC}.Release|Any CPU.Build.0 = Release|Any CPU
		{69F14854-5880-4029-9573-C9FA8DFAF431}.Debug|Any CPU.ActiveCfg = Debug|Any CPU
		{69F14854-5880-4029-9573-C9FA8DFAF431}.Debug|Any CPU.Build.0 = Debug|Any CPU
		{69F14854-5880-4029-9573-C9FA8DFAF431}.Release|Any CPU.ActiveCfg = Release|Any CPU
		{69F14854-5880-4029-9573-C9FA8DFAF431}.Release|Any CPU.Build.0 = Release|Any CPU
		{9FA393D8-A49F-4599-87D5-8AEF4A91F850}.Debug|Any CPU.ActiveCfg = Debug|Any CPU
		{9FA393D8-A49F-4599-87D5-8AEF4A91F850}.Debug|Any CPU.Build.0 = Debug|Any CPU
		{9FA393D8-A49F-4599-87D5-8AEF4A91F850}.Release|Any CPU.ActiveCfg = Release|Any CPU
		{9FA393D8-A49F-4599-87D5-8AEF4A91F850}.Release|Any CPU.Build.0 = Release|Any CPU
		{D84F763B-2A61-4B00-83B0-9B8EC6C7406F}.Debug|Any CPU.ActiveCfg = Debug|Any CPU
		{D84F763B-2A61-4B00-83B0-9B8EC6C7406F}.Debug|Any CPU.Build.0 = Debug|Any CPU
		{D84F763B-2A61-4B00-83B0-9B8EC6C7406F}.Release|Any CPU.ActiveCfg = Release|Any CPU
		{D84F763B-2A61-4B00-83B0-9B8EC6C7406F}.Release|Any CPU.Build.0 = Release|Any CPU
		{3283B845-713D-42ED-BB0A-36633B06F48F}.Debug|Any CPU.ActiveCfg = Debug|Any CPU
		{3283B845-713D-42ED-BB0A-36633B06F48F}.Debug|Any CPU.Build.0 = Debug|Any CPU
		{3283B845-713D-42ED-BB0A-36633B06F48F}.Release|Any CPU.ActiveCfg = Release|Any CPU
		{3283B845-713D-42ED-BB0A-36633B06F48F}.Release|Any CPU.Build.0 = Release|Any CPU
		{29CFD2EE-E759-4118-A0B7-17E72C79B247}.Debug|Any CPU.ActiveCfg = Debug|Any CPU
		{29CFD2EE-E759-4118-A0B7-17E72C79B247}.Debug|Any CPU.Build.0 = Debug|Any CPU
		{29CFD2EE-E759-4118-A0B7-17E72C79B247}.Release|Any CPU.ActiveCfg = Release|Any CPU
		{29CFD2EE-E759-4118-A0B7-17E72C79B247}.Release|Any CPU.Build.0 = Release|Any CPU
		{13CA1152-9D14-4F4D-A667-9085906C6873}.Debug|Any CPU.ActiveCfg = Debug|Any CPU
		{13CA1152-9D14-4F4D-A667-9085906C6873}.Debug|Any CPU.Build.0 = Debug|Any CPU
		{13CA1152-9D14-4F4D-A667-9085906C6873}.Release|Any CPU.ActiveCfg = Release|Any CPU
		{13CA1152-9D14-4F4D-A667-9085906C6873}.Release|Any CPU.Build.0 = Release|Any CPU
		{B32C7CF7-E1E8-4F85-93D3-3A57283E05D1}.Debug|Any CPU.ActiveCfg = Debug|Any CPU
		{B32C7CF7-E1E8-4F85-93D3-3A57283E05D1}.Debug|Any CPU.Build.0 = Debug|Any CPU
		{B32C7CF7-E1E8-4F85-93D3-3A57283E05D1}.Release|Any CPU.ActiveCfg = Release|Any CPU
		{B32C7CF7-E1E8-4F85-93D3-3A57283E05D1}.Release|Any CPU.Build.0 = Release|Any CPU
		{C537AE60-7D6F-4F71-9C15-6FABDB27CA98}.Debug|Any CPU.ActiveCfg = Debug|Any CPU
		{C537AE60-7D6F-4F71-9C15-6FABDB27CA98}.Debug|Any CPU.Build.0 = Debug|Any CPU
		{C537AE60-7D6F-4F71-9C15-6FABDB27CA98}.Release|Any CPU.ActiveCfg = Release|Any CPU
		{C537AE60-7D6F-4F71-9C15-6FABDB27CA98}.Release|Any CPU.Build.0 = Release|Any CPU
		{A96A4869-0048-41FF-913C-2E344EB75DB9}.Debug|Any CPU.ActiveCfg = Debug|Any CPU
		{A96A4869-0048-41FF-913C-2E344EB75DB9}.Debug|Any CPU.Build.0 = Debug|Any CPU
		{A96A4869-0048-41FF-913C-2E344EB75DB9}.Release|Any CPU.ActiveCfg = Release|Any CPU
		{A96A4869-0048-41FF-913C-2E344EB75DB9}.Release|Any CPU.Build.0 = Release|Any CPU
		{7AB70F17-2B66-4730-97B9-9A397FCD67BA}.Debug|Any CPU.ActiveCfg = Debug|Any CPU
		{7AB70F17-2B66-4730-97B9-9A397FCD67BA}.Debug|Any CPU.Build.0 = Debug|Any CPU
		{7AB70F17-2B66-4730-97B9-9A397FCD67BA}.Release|Any CPU.ActiveCfg = Release|Any CPU
		{7AB70F17-2B66-4730-97B9-9A397FCD67BA}.Release|Any CPU.Build.0 = Release|Any CPU
		{14345967-7B68-419A-9327-513C98582E42}.Debug|Any CPU.ActiveCfg = Debug|Any CPU
		{14345967-7B68-419A-9327-513C98582E42}.Debug|Any CPU.Build.0 = Debug|Any CPU
		{14345967-7B68-419A-9327-513C98582E42}.Release|Any CPU.ActiveCfg = Release|Any CPU
		{14345967-7B68-419A-9327-513C98582E42}.Release|Any CPU.Build.0 = Release|Any CPU
		{44D0F74B-1A8A-4607-B1D6-A347884D47A4}.Debug|Any CPU.ActiveCfg = Debug|Any CPU
		{44D0F74B-1A8A-4607-B1D6-A347884D47A4}.Debug|Any CPU.Build.0 = Debug|Any CPU
		{44D0F74B-1A8A-4607-B1D6-A347884D47A4}.Release|Any CPU.ActiveCfg = Release|Any CPU
		{44D0F74B-1A8A-4607-B1D6-A347884D47A4}.Release|Any CPU.Build.0 = Release|Any CPU
		{95B4BA3F-CA3C-487E-BC20-C7C00C3C054A}.Debug|Any CPU.ActiveCfg = Debug|Any CPU
		{95B4BA3F-CA3C-487E-BC20-C7C00C3C054A}.Debug|Any CPU.Build.0 = Debug|Any CPU
		{95B4BA3F-CA3C-487E-BC20-C7C00C3C054A}.Release|Any CPU.ActiveCfg = Release|Any CPU
		{95B4BA3F-CA3C-487E-BC20-C7C00C3C054A}.Release|Any CPU.Build.0 = Release|Any CPU
		{7972E024-015E-4C04-B201-F1E1E1641D3F}.Debug|Any CPU.ActiveCfg = Debug|Any CPU
		{7972E024-015E-4C04-B201-F1E1E1641D3F}.Debug|Any CPU.Build.0 = Debug|Any CPU
		{7972E024-015E-4C04-B201-F1E1E1641D3F}.Release|Any CPU.ActiveCfg = Release|Any CPU
		{7972E024-015E-4C04-B201-F1E1E1641D3F}.Release|Any CPU.Build.0 = Release|Any CPU
		{33E9EE4D-260D-44B4-927F-BD103ECD7950}.Debug|Any CPU.ActiveCfg = Debug|Any CPU
		{33E9EE4D-260D-44B4-927F-BD103ECD7950}.Debug|Any CPU.Build.0 = Debug|Any CPU
		{33E9EE4D-260D-44B4-927F-BD103ECD7950}.Release|Any CPU.ActiveCfg = Release|Any CPU
		{33E9EE4D-260D-44B4-927F-BD103ECD7950}.Release|Any CPU.Build.0 = Release|Any CPU
	EndGlobalSection
EndGlobal
